
Microsoft Visual Studio Solution File, Format Version 12.00
# Visual Studio Version 18
VisualStudioVersion = 18.6.11822.322 stable
MinimumVisualStudioVersion = 10.0.40219.1
Project("{FAE04EC0-301F-11D3-BF4B-00C04F79EFBC}") = "Mediatek86", "Mediatek86\Mediatek86.csproj", "{B0FED0EB-19D6-419F-945B-4F9B8929FFF4}"
EndProject
Project("{54435603-DBB4-11D2-8724-00A0C9A8B90C}") = "Mediatek86Installeur", "Mediatek86Installeur\Mediatek86Installeur.vdproj", "{316426B2-63FA-A1C8-6890-57194AA4E6E3}"
EndProject
Global
	GlobalSection(SolutionConfigurationPlatforms) = preSolution
		Debug|Any CPU = Debug|Any CPU
		Release|Any CPU = Release|Any CPU
	EndGlobalSection
	GlobalSection(ProjectConfigurationPlatforms) = postSolution
		{B0FED0EB-19D6-419F-945B-4F9B8929FFF4}.Debug|Any CPU.ActiveCfg = Release|Any CPU
		{B0FED0EB-19D6-419F-945B-4F9B8929FFF4}.Debug|Any CPU.Build.0 = Release|Any CPU
		{B0FED0EB-19D6-419F-945B-4F9B8929FFF4}.Release|Any CPU.ActiveCfg = Release|Any CPU
		{B0FED0EB-19D6-419F-945B-4F9B8929FFF4}.Release|Any CPU.Build.0 = Release|Any CPU
		{316426B2-63FA-A1C8-6890-57194AA4E6E3}.Debug|Any CPU.ActiveCfg = Release
		{316426B2-63FA-A1C8-6890-57194AA4E6E3}.Debug|Any CPU.Build.0 = Release
		{316426B2-63FA-A1C8-6890-57194AA4E6E3}.Release|Any CPU.ActiveCfg = Release
	EndGlobalSection
	GlobalSection(SolutionProperties) = preSolution
		HideSolutionNode = FALSE
	EndGlobalSection
	GlobalSection(ExtensibilityGlobals) = postSolution
		SolutionGuid = {31CD243A-69DE-4BC4-8573-110CC51AC756}
	EndGlobalSection
EndGlobal
